
Microsoft Visual Studio Solution File, Format Version 12.00
# Visual Studio 15
VisualStudioVersion = 15.0.28307.421
MinimumVisualStudioVersion = 10.0.40219.1
Project("{FAE04EC0-301F-11D3-BF4B-00C04F79EFBC}") = "GreengoKMCounter", "GreengoKMCounter\GreengoKMCounter.csproj", "{721DD9D3-131C-43C7-949D-11BD9250F1A6}"
EndProject
Global
	GlobalSection(SolutionConfigurationPlatforms) = preSolution
		Debug|Any CPU = Debug|Any CPU
		Release|Any CPU = Release|Any CPU
	EndGlobalSection
	GlobalSection(ProjectConfigurationPlatforms) = postSolution
		{721DD9D3-131C-43C7-949D-11BD9250F1A6}.Debug|Any CPU.ActiveCfg = Debug|Any CPU
		{721DD9D3-131C-43C7-949D-11BD9250F1A6}.Debug|Any CPU.Build.0 = Debug|Any CPU
		{721DD9D3-131C-43C7-949D-11BD9250F1A6}.Release|Any CPU.ActiveCfg = Release|Any CPU
		{721DD9D3-131C-43C7-949D-11BD9250F1A6}.Release|Any CPU.Build.0 = Release|Any CPU
	EndGlobalSection
	GlobalSection(SolutionProperties) = preSolution
		HideSolutionNode = FALSE
	EndGlobalSection
	GlobalSection(ExtensibilityGlobals) = postSolution
		SolutionGuid = {D8B38477-5114-4456-9AE7-E210618AE84A}
	EndGlobalSection
EndGlobal
